Microsoft Visual Studio Solution File, Format Version 12.00
# Visual Studio Version 17
VisualStudioVersion = 17.5.2.0
MinimumVisualStudioVersion = 10.0.40219.1
Project("{FAE04EC0-301F-11D3-BF4B-00C04F79EFBC}") = "T1-PR2 API", "T1-PR2 API.csproj", "{BB5ED694-4D72-F79A-9026-5A418446D20C}"
EndProject
Global
	GlobalSection(SolutionConfigurationPlatforms) = preSolution
		Debug|Any CPU = Debug|Any CPU
		Release|Any CPU = Release|Any CPU
	EndGlobalSection
	GlobalSection(ProjectConfigurationPlatforms) = postSolution
		{BB5ED694-4D72-F79A-9026-5A418446D20C}.Debug|Any CPU.ActiveCfg = Debug|Any CPU
		{BB5ED694-4D72-F79A-9026-5A418446D20C}.Debug|Any CPU.Build.0 = Debug|Any CPU
		{BB5ED694-4D72-F79A-9026-5A418446D20C}.Release|Any CPU.ActiveCfg = Release|Any CPU
		{BB5ED694-4D72-F79A-9026-5A418446D20C}.Release|Any CPU.Build.0 = Release|Any CPU
	EndGlobalSection
	GlobalSection(SolutionProperties) = preSolution
		HideSolutionNode = FALSE
	EndGlobalSection
	GlobalSection(ExtensibilityGlobals) = postSolution
		SolutionGuid = {C0ED457F-A902-424C-8838-E4A23397D310}
	EndGlobalSection
EndGlobal
